
Microsoft Visual Studio Solution File, Format Version 12.00
# Visual Studio 15
VisualStudioVersion = 15.0.26430.14
MinimumVisualStudioVersion = 10.0.40219.1
Project("{9A19103F-16F7-4668-BE54-9A1E7A4F7556}") = "WTW.IOC.Tests", "WTW.IOC.Tests\WTW.IOC.Tests.csproj", "{1F714113-2F08-4D5F-BDF0-8E9543B5788A}"
EndProject
Project("{9A19103F-16F7-4668-BE54-9A1E7A4F7556}") = "WTW.Models", "WTW.Models\WTW.Models.csproj", "{6744EA08-0A38-4A72-8F9F-73A12A950420}"
EndProject
Project("{9A19103F-16F7-4668-BE54-9A1E7A4F7556}") = "WTW.WebApp", "WTW.WebApp\WTW.WebApp.csproj", "{C01EE859-2C62-4DB5-A377-5102034C8795}"
EndProject
Project("{9A19103F-16F7-4668-BE54-9A1E7A4F7556}") = "WTW.WebApp.Tests", "WTW.WebApp.Tests\WTW.WebApp.Tests.csproj", "{96962816-7C58-41FB-B4BE-AC6820234D58}"
EndProject
Project("{FAE04EC0-301F-11D3-BF4B-00C04F79EFBC}") = "WTW.IoC", "WTW.IoC\WTW.IoC.csproj", "{BB0AA544-4FD3-4299-BED6-8A3364DF6BED}"
EndProject
Global
	GlobalSection(SolutionConfigurationPlatforms) = preSolution
		Debug|Any CPU = Debug|Any CPU
		Release|Any CPU = Release|Any CPU
	EndGlobalSection
	GlobalSection(ProjectConfigurationPlatforms) = postSolution
		{1F714113-2F08-4D5F-BDF0-8E9543B5788A}.Debug|Any CPU.ActiveCfg = Debug|Any CPU
		{1F714113-2F08-4D5F-BDF0-8E9543B5788A}.Debug|Any CPU.Build.0 = Debug|Any CPU
		{1F714113-2F08-4D5F-BDF0-8E9543B5788A}.Release|Any CPU.ActiveCfg = Release|Any CPU
		{1F714113-2F08-4D5F-BDF0-8E9543B5788A}.Release|Any CPU.Build.0 = Release|Any CPU
		{6744EA08-0A38-4A72-8F9F-73A12A950420}.Debug|Any CPU.ActiveCfg = Debug|Any CPU
		{6744EA08-0A38-4A72-8F9F-73A12A950420}.Debug|Any CPU.Build.0 = Debug|Any CPU
		{6744EA08-0A38-4A72-8F9F-73A12A950420}.Release|Any CPU.ActiveCfg = Release|Any CPU
		{6744EA08-0A38-4A72-8F9F-73A12A950420}.Release|Any CPU.Build.0 = Release|Any CPU
		{C01EE859-2C62-4DB5-A377-5102034C8795}.Debug|Any CPU.ActiveCfg = Debug|Any CPU
		{C01EE859-2C62-4DB5-A377-5102034C8795}.Debug|Any CPU.Build.0 = Debug|Any CPU
		{C01EE859-2C62-4DB5-A377-5102034C8795}.Release|Any CPU.ActiveCfg = Release|Any CPU
		{C01EE859-2C62-4DB5-A377-5102034C8795}.Release|Any CPU.Build.0 = Release|Any CPU
		{96962816-7C58-41FB-B4BE-AC6820234D58}.Debug|Any CPU.ActiveCfg = Debug|Any CPU
		{96962816-7C58-41FB-B4BE-AC6820234D58}.Debug|Any CPU.Build.0 = Debug|Any CPU
		{96962816-7C58-41FB-B4BE-AC6820234D58}.Release|Any CPU.ActiveCfg = Release|Any CPU
		{96962816-7C58-41FB-B4BE-AC6820234D58}.Release|Any CPU.Build.0 = Release|Any CPU
		{BB0AA544-4FD3-4299-BED6-8A3364DF6BED}.Debug|Any CPU.ActiveCfg = Debug|Any CPU
		{BB0AA544-4FD3-4299-BED6-8A3364DF6BED}.Debug|Any CPU.Build.0 = Debug|Any CPU
		{BB0AA544-4FD3-4299-BED6-8A3364DF6BED}.Release|Any CPU.ActiveCfg = Release|Any CPU
		{BB0AA544-4FD3-4299-BED6-8A3364DF6BED}.Release|Any CPU.Build.0 = Release|Any CPU
	EndGlobalSection
	GlobalSection(SolutionProperties) = preSolution
		HideSolutionNode = FALSE
	EndGlobalSection
	GlobalSection(ExtensibilityGlobals) = postSolution
		SolutionGuid = {9396CB23-BEC1-42D2-B3FB-F4C0432A9E14}
	EndGlobalSection
EndGlobal
